{
  "nodes": {
    "firefox-addons": {
      "inputs": {
        "flake-utils": "flake-utils",
        "nixpkgs": [
          "nixpkgs"
        ]
      },
      "locked": {
        "dir": "pkgs/firefox-addons",
        "lastModified": 1707673696,
        "narHash": "sha256-3+IgVATpdUFJ33QLIuK8mIzg5rSWA/wX0IoBMfPKzWo=",
        "owner": "rycee",
        "repo": "nur-expressions",
        "rev": "22f2d8e0cbb3a8490a104ca5cb7bbc8ba10d262c",
        "type": "gitlab"
      },
      "original": {
        "dir": "pkgs/firefox-addons",
        "owner": "rycee",
        "repo": "nur-expressions",
        "type": "gitlab"
      }
    },
    "flake-parts": {
      "inputs": {
        "nixpkgs-lib": "nixpkgs-lib"
      },
      "locked": {
        "lastModified": 1706830856,
        "narHash": "sha256-a0NYyp+h9hlb7ddVz4LUn1vT/PLwqfrWYcHMvFB1xYg=",
        "owner": "hercules-ci",
        "repo": "flake-parts",
        "rev": "b253292d9c0a5ead9bc98c4e9a26c6312e27d69f",
        "type": "github"
      },
      "original": {
        "owner": "hercules-ci",
        "repo": "flake-parts",
        "type": "github"
      }
    },
    "flake-utils": {
      "locked": {
        "lastModified": 1629284811,
        "narHash": "sha256-JHgasjPR0/J1J3DRm4KxM4zTyAj4IOJY8vIl75v/kPI=",
        "owner": "numtide",
        "repo": "flake-utils",
        "rev": "c5d161cc0af116a2e17f54316f0bf43f0819785c",
        "type": "github"
      },
      "original": {
        "owner": "numtide",
        "repo": "flake-utils",
        "type": "github"
      }
    },
    "home-manager": {
      "inputs": {
        "nixpkgs": [
          "nixpkgs"
        ]
      },
      "locked": {
        "lastModified": 1707683400,
        "narHash": "sha256-Zc+J3UO1Xpx+NL8UB6woPHyttEy9cXXtm+0uWwzuYDc=",
        "owner": "nix-community",
        "repo": "home-manager",
        "rev": "21b078306a2ab68748abf72650db313d646cf2ca",
        "type": "github"
      },
      "original": {
        "owner": "nix-community",
        "repo": "home-manager",
        "type": "github"
      }
    },
    "nix-gaming": {
      "inputs": {
        "flake-parts": "flake-parts",
        "nixpkgs": [
          "nixpkgs"
        ]
      },
      "locked": {
        "lastModified": 1707614138,
        "narHash": "sha256-xdmNhDnlDF5H/yT1wLGqwVyphjj03lmA/e3SGXyC3DU=",
        "owner": "fufexan",
        "repo": "nix-gaming",
        "rev": "a5de885438ecce695b4b7a110974c33f0eb507e3",
        "type": "github"
      },
      "original": {
        "owner": "fufexan",
        "repo": "nix-gaming",
        "type": "github"
      }
    },
    "nixpkgs": {
      "locked": {
        "lastModified": 1707546158,
        "narHash": "sha256-nYYJTpzfPMDxI8mzhQsYjIUX+grorqjKEU9Np6Xwy/0=",
        "owner": "nixos",
        "repo": "nixpkgs",
        "rev": "d934204a0f8d9198e1e4515dd6fec76a139c87f0",
        "type": "github"
      },
      "original": {
        "owner": "nixos",
        "ref": "nixos-unstable",
        "repo": "nixpkgs",
        "type": "github"
      }
    },
    "nixpkgs-lib": {
      "locked": {
        "dir": "lib",
        "lastModified": 1706550542,
        "narHash": "sha256-UcsnCG6wx++23yeER4Hg18CXWbgNpqNXcHIo5/1Y+hc=",
        "owner": "NixOS",
        "repo": "nixpkgs",
        "rev": "97b17f32362e475016f942bbdfda4a4a72a8a652",
        "type": "github"
      },
      "original": {
        "dir": "lib",
        "owner": "NixOS",
        "ref": "nixos-unstable",
        "repo": "nixpkgs",
        "type": "github"
      }
    },
    "root": {
      "inputs": {
        "firefox-addons": "firefox-addons",
        "home-manager": "home-manager",
        "nix-gaming": "nix-gaming",
        "nixpkgs": "nixpkgs"
      }
    }
  },
  "root": "root",
  "version": 7
}
